// !$*UTF8*$!
{
	archiveVersion = 1;
	classes = {
	};
	objectVersion = 50;
	objects = {

/* Begin PBXBuildFile section */
		9CABA3D127CB596F00A453AD /* AppDelegate.swift in Sources */ = {isa = PBXBuildFile; fileRef = 9CABA3D027CB596F00A453AD /* AppDelegate.swift */; };
		9CABA3D327CB596F00A453AD /* SceneDelegate.swift in Sources */ = {isa = PBXBuildFile; fileRef = 9CABA3D227CB596F00A453AD /* SceneDelegate.swift */; };
		9CABA3D527CB596F00A453AD /* ViewController.swift in Sources */ = {isa = PBXBuildFile; fileRef = 9CABA3D427CB596F00A453AD /* ViewController.swift */; };
		9CABA3D827CB596F00A453AD /* Main.storyboard in Resources */ = {isa = PBXBuildFile; fileRef = 9CABA3D627CB596F00A453AD /* Main.storyboard */; };
		9CABA3DB27CB596F00A453AD /* News.xcdatamodeld in Sources */ = {isa = PBXBuildFile; fileRef = 9CABA3D927CB596F00A453AD /* News.xcdatamodeld */; };
		9CABA3DD27CB597000A453AD /* Assets.xcassets in Resources */ = {isa = PBXBuildFile; fileRef = 9CABA3DC27CB597000A453AD /* Assets.xcassets */; };
		9CABA3E027CB597000A453AD /* LaunchScreen.storyboard in Resources */ = {isa = PBXBuildFile; fileRef = 9CABA3DE27CB597000A453AD /* LaunchScreen.storyboard */; };
		9CABA3EB27CB597000A453AD /* NewsTests.swift in Sources */ = {isa = PBXBuildFile; fileRef = 9CABA3EA27CB597000A453AD /* NewsTests.swift */; };
		9CABA3F627CB597000A453AD /* NewsUITests.swift in Sources */ = {isa = PBXBuildFile; fileRef = 9CABA3F527CB597000A453AD /* NewsUITests.swift */; };
/* End PBXBuildFile section */

/* Begin PBXContainerItemProxy section */
		9CABA3E727CB597000A453AD /* PBXContainerItemProxy */ = {
			isa = PBXContainerItemProxy;
			containerPortal = 9CABA3C527CB596F00A453AD /* Project object */;
			proxyType = 1;
			remoteGlobalIDString = 9CABA3CC27CB596F00A453AD;
			remoteInfo = News;
		};
		9CABA3F227CB597000A453AD /* PBXContainerItemProxy */ = {
			isa = PBXContainerItemProxy;
			containerPortal = 9CABA3C527CB596F00A453AD /* Project object */;
			proxyType = 1;
			remoteGlobalIDString = 9CABA3CC27CB596F00A453AD;
			remoteInfo = News;
		};
/* End PBXContainerItemProxy section */

/* Begin PBXFileReference section */
		9CABA3CD27CB596F00A453AD /* News.app */ = {isa = PBXFileReference; explicitFileType = wrapper.application; includeInIndex = 0; path = News.app; sourceTree = BUILT_PRODUCTS_DIR; };
		9CABA3D027CB596F00A453AD /* AppDelegate.swift */ = {isa = PBXFileReference; lastKnownFileType = sourcecode.swift; path = AppDelegate.swift; sourceTree = "<group>"; };
		9CABA3D227CB596F00A453AD /* SceneDelegate.swift */ = {isa = PBXFileReference; lastKnownFileType = sourcecode.swift; path = SceneDelegate.swift; sourceTree = "<group>"; };
		9CABA3D427CB596F00A453AD /* ViewController.swift */ = {isa = PBXFileReference; lastKnownFileType = sourcecode.swift; path = ViewController.swift; sourceTree = "<group>"; };
		9CABA3D727CB596F00A453AD /* Base */ = {isa = PBXFileReference; lastKnownFileType = file.storyboard; name = Base; path = Base.lproj/Main.storyboard; sourceTree = "<group>"; };
		9CABA3DA27CB596F00A453AD /* News.xcdatamodel */ = {isa = PBXFileReference; lastKnownFileType = wrapper.xcdatamodel; path = News.xcdatamodel; sourceTree = "<group>"; };
		9CABA3DC27CB597000A453AD /* Assets.xcassets */ = {isa = PBXFileReference; lastKnownFileType = folder.assetcatalog; path = Assets.xcassets; sourceTree = "<group>"; };
		9CABA3DF27CB597000A453AD /* Base */ = {isa = PBXFileReference; lastKnownFileType = file.storyboard; name = Base; path = Base.lproj/LaunchScreen.storyboard; sourceTree = "<group>"; };
		9CABA3E127CB597000A453AD /* Info.plist */ = {isa = PBXFileReference; lastKnownFileType = text.plist.xml; path = Info.plist; sourceTree = "<group>"; };
		9CABA3E627CB597000A453AD /* NewsTests.xctest */ = {isa = PBXFileReference; explicitFileType = wrapper.cfbundle; includeInIndex = 0; path = NewsTests.xctest; sourceTree = BUILT_PRODUCTS_DIR; };
		9CABA3EA27CB597000A453AD /* NewsTests.swift */ = {isa = PBXFileReference; lastKnownFileType = sourcecode.swift; path = NewsTests.swift; sourceTree = "<group>"; };
		9CABA3EC27CB597000A453AD /* Info.plist */ = {isa = PBXFileReference; lastKnownFileType = text.plist.xml; path = Info.plist; sourceTree = "<group>"; };
		9CABA3F127CB597000A453AD /* NewsUITests.xctest */ = {isa = PBXFileReference; explicitFileType = wrapper.cfbundle; includeInIndex = 0; path = NewsUITests.xctest; sourceTree = BUILT_PRODUCTS_DIR; };
		9CABA3F527CB597000A453AD /* NewsUITests.swift */ = {isa = PBXFileReference; lastKnownFileType = sourcecode.swift; path = NewsUITests.swift; sourceTree = "<group>"; };
		9CABA3F727CB597000A453AD /* Info.plist */ = {isa = PBXFileReference; lastKnownFileType = text.plist.xml; path = Info.plist; sourceTree = "<group>"; };
/* End PBXFileReference section */

/* Begin PBXFrameworksBuildPhase section */
		9CABA3CA27CB596F00A453AD /* Frameworks */ = {
			isa = PBXFrameworksBuildPhase;
			buildActionMask = 2147483647;
			files = (
			);
			runOnlyForDeploymentPostprocessing = 0;
		};
		9CABA3E327CB597000A453AD /* Frameworks */ = {
			isa = PBXFrameworksBuildPhase;
			buildActionMask = 2147483647;
			files = (
			);
			runOnlyForDeploymentPostprocessing = 0;
		};
		9CABA3EE27CB597000A453AD /* Frameworks */ = {
			isa = PBXFrameworksBuildPhase;
			buildActionMask = 2147483647;
			files = (
			);
			runOnlyForDeploymentPostprocessing = 0;
		};
/* End PBXFrameworksBuildPhase section */

/* Begin PBXGroup section */
		9CABA3C427CB596F00A453AD = {
			isa = PBXGroup;
			children = (
				9CABA3CF27CB596F00A453AD /* News */,
				9CABA3E927CB597000A453AD /* NewsTests */,
				9CABA3F427CB597000A453AD /* NewsUITests */,
				9CABA3CE27CB596F00A453AD /* Products */,
			);
			sourceTree = "<group>";
		};
		9CABA3CE27CB596F00A453AD /* Products */ = {
			isa = PBXGroup;
			children = (
				9CABA3CD27CB596F00A453AD /* News.app */,
				9CABA3E627CB597000A453AD /* NewsTests.xctest */,
				9CABA3F127CB597000A453AD /* NewsUITests.xctest */,
			);
			name = Products;
			sourceTree = "<group>";
		};
		9CABA3CF27CB596F00A453AD /* News */ = {
			isa = PBXGroup;
			children = (
				9CABA3D027CB596F00A453AD /* AppDelegate.swift */,
				9CABA3D227CB596F00A453AD /* SceneDelegate.swift */,
				9CABA3D427CB596F00A453AD /* ViewController.swift */,
				9CABA3D627CB596F00A453AD /* Main.storyboard */,
				9CABA3DC27CB597000A453AD /* Assets.xcassets */,
				9CABA3DE27CB597000A453AD /* LaunchScreen.storyboard */,
				9CABA3E127CB597000A453AD /* Info.plist */,
				9CABA3D927CB596F00A453AD /* News.xcdatamodeld */,
			);
			path = News;
			sourceTree = "<group>";
		};
		9CABA3E927CB597000A453AD /* NewsTests */ = {
			isa = PBXGroup;
			children = (
				9CABA3EA27CB597000A453AD /* NewsTests.swift */,
				9CABA3EC27CB597000A453AD /* Info.plist */,
			);
			path = NewsTests;
			sourceTree = "<group>";
		};
		9CABA3F427CB597000A453AD /* NewsUITests */ = {
			isa = PBXGroup;
			children = (
				9CABA3F527CB597000A453AD /* NewsUITests.swift */,
				9CABA3F727CB597000A453AD /* Info.plist */,
			);
			path = NewsUITests;
			sourceTree = "<group>";
		};
/* End PBXGroup section */

/* Begin PBXNativeTarget section */
		9CABA3CC27CB596F00A453AD /* News */ = {
			isa = PBXNativeTarget;
			buildConfigurationList = 9CABA3FA27CB597000A453AD /* Build configuration list for PBXNativeTarget "News" */;
			buildPhases = (
				9CABA3C927CB596F00A453AD /* Sources */,
				9CABA3CA27CB596F00A453AD /* Frameworks */,
				9CABA3CB27CB596F00A453AD /* Resources */,
			);
			buildRules = (
			);
			dependencies = (
			);
			name = News;
			productName = News;
			productReference = 9CABA3CD27CB596F00A453AD /* News.app */;
			productType = "com.apple.product-type.application";
		};
		9CABA3E527CB597000A453AD /* NewsTests */ = {
			isa = PBXNativeTarget;
			buildConfigurationList = 9CABA3FD27CB597000A453AD /* Build configuration list for PBXNativeTarget "NewsTests" */;
			buildPhases = (
				9CABA3E227CB597000A453AD /* Sources */,
				9CABA3E327CB597000A453AD /* Frameworks */,
				9CABA3E427CB597000A453AD /* Resources */,
			);
			buildRules = (
			);
			dependencies = (
				9CABA3E827CB597000A453AD /* PBXTargetDependency */,
			);
			name = NewsTests;
			productName = NewsTests;
			productReference = 9CABA3E627CB597000A453AD /* NewsTests.xctest */;
			productType = "com.apple.product-type.bundle.unit-test";
		};
		9CABA3F027CB597000A453AD /* NewsUITests */ = {
			isa = PBXNativeTarget;
			buildConfigurationList = 9CABA40027CB597000A453AD /* Build configuration list for PBXNativeTarget "NewsUITests" */;
			buildPhases = (
				9CABA3ED27CB597000A453AD /* Sources */,
				9CABA3EE27CB597000A453AD /* Frameworks */,
				9CABA3EF27CB597000A453AD /* Resources */,
			);
			buildRules = (
			);
			dependencies = (
				9CABA3F327CB597000A453AD /* PBXTargetDependency */,
			);
			name = NewsUITests;
			productName = NewsUITests;
			productReference = 9CABA3F127CB597000A453AD /* NewsUITests.xctest */;
			productType = "com.apple.product-type.bundle.ui-testing";
		};
/* End PBXNativeTarget section */

/* Begin PBXProject section */
		9CABA3C527CB596F00A453AD /* Project object */ = {
			isa = PBXProject;
			attributes = {
				LastSwiftUpdateCheck = 1250;
				LastUpgradeCheck = 1250;
				TargetAttributes = {
					9CABA3CC27CB596F00A453AD = {
						CreatedOnToolsVersion = 12.5.1;
					};
					9CABA3E527CB597000A453AD = {
						CreatedOnToolsVersion = 12.5.1;
						TestTargetID = 9CABA3CC27CB596F00A453AD;
					};
					9CABA3F027CB597000A453AD = {
						CreatedOnToolsVersion = 12.5.1;
						TestTargetID = 9CABA3CC27CB596F00A453AD;
					};
				};
			};
			buildConfigurationList = 9CABA3C827CB596F00A453AD /* Build configuration list for PBXProject "News" */;
			compatibilityVersion = "Xcode 9.3";
			developmentRegion = en;
			hasScannedForEncodings = 0;
			knownRegions = (
				en,
				Base,
			);
			mainGroup = 9CABA3C427CB596F00A453AD;
			productRefGroup = 9CABA3CE27CB596F00A453AD /* Products */;
			projectDirPath = "";
			projectRoot = "";
			targets = (
				9CABA3CC27CB596F00A453AD /* News */,
				9CABA3E527CB597000A453AD /* NewsTests */,
				9CABA3F027CB597000A453AD /* NewsUITests */,
			);
		};
/* End PBXProject section */

/* Begin PBXResourcesBuildPhase section */
		9CABA3CB27CB596F00A453AD /* Resources */ = {
			isa = PBXResourcesBuildPhase;
			buildActionMask = 2147483647;
			files = (
				9CABA3E027CB597000A453AD /* LaunchScreen.storyboard in Resources */,
				9CABA3DD27CB597000A453AD /* Assets.xcassets in Resources */,
				9CABA3D827CB596F00A453AD /* Main.storyboard in Resources */,
			);
			runOnlyForDeploymentPostprocessing = 0;
		};
		9CABA3E427CB597000A453AD /* Resources */ = {
			isa = PBXResourcesBuildPhase;
			buildActionMask = 2147483647;
			files = (
			);
			runOnlyForDeploymentPostprocessing = 0;
		};
		9CABA3EF27CB597000A453AD /* Resources */ = {
			isa = PBXResourcesBuildPhase;
			buildActionMask = 2147483647;
			files = (
			);
			runOnlyForDeploymentPostprocessing = 0;
		};
/* End PBXResourcesBuildPhase section */

/* Begin PBXSourcesBuildPhase section */
		9CABA3C927CB596F00A453AD /* Sources */ = {
			isa = PBXSourcesBuildPhase;
			buildActionMask = 2147483647;
			files = (
				9CABA3D527CB596F00A453AD /* ViewController.swift in Sources */,
				9CABA3D127CB596F00A453AD /* AppDelegate.swift in Sources */,
				9CABA3DB27CB596F00A453AD /* News.xcdatamodeld in Sources */,
				9CABA3D327CB596F00A453AD /* SceneDelegate.swift in Sources */,
			);
			runOnlyForDeploymentPostprocessing = 0;
		};
		9CABA3E227CB597000A453AD /* Sources */ = {
			isa = PBXSourcesBuildPhase;
			buildActionMask = 2147483647;
			files = (
				9CABA3EB27CB597000A453AD /* NewsTests.swift in Sources */,
			);
			runOnlyForDeploymentPostprocessing = 0;
		};
		9CABA3ED27CB597000A453AD /* Sources */ = {
			isa = PBXSourcesBuildPhase;
			buildActionMask = 2147483647;
			files = (
				9CABA3F627CB597000A453AD /* NewsUITests.swift in Sources */,
			);
			runOnlyForDeploymentPostprocessing = 0;
		};
/* End PBXSourcesBuildPhase section */

/* Begin PBXTargetDependency section */
		9CABA3E827CB597000A453AD /* PBXTargetDependency */ = {
			isa = PBXTargetDependency;
			target = 9CABA3CC27CB596F00A453AD /* News */;
			targetProxy = 9CABA3E727CB597000A453AD /* PBXContainerItemProxy */;
		};
		9CABA3F327CB597000A453AD /* PBXTargetDependency */ = {
			isa = PBXTargetDependency;
			target = 9CABA3CC27CB596F00A453AD /* News */;
			targetProxy = 9CABA3F227CB597000A453AD /* PBXContainerItemProxy */;
		};
/* End PBXTargetDependency section */

/* Begin PBXVariantGroup section */
		9CABA3D627CB596F00A453AD /* Main.storyboard */ = {
			isa = PBXVariantGroup;
			children = (
				9CABA3D727CB596F00A453AD /* Base */,
			);
			name = Main.storyboard;
			sourceTree = "<group>";
		};
		9CABA3DE27CB597000A453AD /* LaunchScreen.storyboard */ = {
			isa = PBXVariantGroup;
			children = (
				9CABA3DF27CB597000A453AD /* Base */,
			);
			name = LaunchScreen.storyboard;
			sourceTree = "<group>";
		};
/* End PBXVariantGroup section */

/* Begin XCBuildConfiguration section */
		9CABA3F827CB597000A453AD /* Debug */ = {
			isa = XCBuildConfiguration;
			buildSettings = {
				ALWAYS_SEARCH_USER_PATHS = NO;
				CLANG_ANALYZER_NONNULL = YES;
				CLANG_ANALYZER_NUMBER_OBJECT_CONVERSION = YES_AGGRESSIVE;
				CLANG_CXX_LANGUAGE_STANDARD = "gnu++14";
				CLANG_CXX_LIBRARY = "libc++";
				CLANG_ENABLE_MODULES = YES;
				CLANG_ENABLE_OBJC_ARC = YES;
				CLANG_ENABLE_OBJC_WEAK = YES;
				CLANG_WARN_BLOCK_CAPTURE_AUTORELEASING = YES;
				CLANG_WARN_BOOL_CONVERSION = YES;
				CLANG_WARN_COMMA = YES;
				CLANG_WARN_CONSTANT_CONVERSION = YES;
				CLANG_WARN_DEPRECATED_OBJC_IMPLEMENTATIONS = YES;
				CLANG_WARN_DIRECT_OBJC_ISA_USAGE = YES_ERROR;
				CLANG_WARN_DOCUMENTATION_COMMENTS = YES;
				CLANG_WARN_EMPTY_BODY = YES;
				CLANG_WARN_ENUM_CONVERSION = YES;
				CLANG_WARN_INFINITE_RECURSION = YES;
				CLANG_WARN_INT_CONVERSION = YES;
				CLANG_WARN_NON_LITERAL_NULL_CONVERSION = YES;
				CLANG_WARN_OBJC_IMPLICIT_RETAIN_SELF = YES;
				CLANG_WARN_OBJC_LITERAL_CONVERSION = YES;
				CLANG_WARN_OBJC_ROOT_CLASS = YES_ERROR;
				CLANG_WARN_QUOTED_INCLUDE_IN_FRAMEWORK_HEADER = YES;
				CLANG_WARN_RANGE_LOOP_ANALYSIS = YES;
				CLANG_WARN_STRICT_PROTOTYPES = YES;
				CLANG_WARN_SUSPICIOUS_MOVE = YES;
				CLANG_WARN_UNGUARDED_AVAILABILITY = YES_AGGRESSIVE;
				CLANG_WARN_UNREACHABLE_CODE = YES;
				CLANG_WARN__DUPLICATE_METHOD_MATCH = YES;
				COPY_PHASE_STRIP = NO;
				DEBUG_INFORMATION_FORMAT = dwarf;
				ENABLE_STRICT_OBJC_MSGSEND = YES;
				ENABLE_TESTABILITY = YES;
				GCC_C_LANGUAGE_STANDARD = gnu11;
				GCC_DYNAMIC_NO_PIC = NO;
				GCC_NO_COMMON_BLOCKS = YES;
				GCC_OPTIMIZATION_LEVEL = 0;
				GCC_PREPROCESSOR_DEFINITIONS = (
					"DEBUG=1",
					"$(inherited)",
				);
				GCC_WARN_64_TO_32_BIT_CONVERSION = YES;
				GCC_WARN_ABOUT_RETURN_TYPE = YES_ERROR;
				GCC_WARN_UNDECLARED_SELECTOR = YES;
				GCC_WARN_UNINITIALIZED_AUTOS = YES_AGGRESSIVE;
				GCC_WARN_UNUSED_FUNCTION = YES;
				GCC_WARN_UNUSED_VARIABLE = YES;
				IPHONEOS_DEPLOYMENT_TARGET = 14.5;
				MTL_ENABLE_DEBUG_INFO = INCLUDE_SOURCE;
				MTL_FAST_MATH = YES;
				ONLY_ACTIVE_ARCH = YES;
				SDKROOT = iphoneos;
				SWIFT_ACTIVE_COMPILATION_CONDITIONS = DEBUG;
				SWIFT_OPTIMIZATION_LEVEL = "-Onone";
			};
			name = Debug;
		};
		9CABA3F927CB597000A453AD /* Release */ = {
			isa = XCBuildConfiguration;
			buildSettings = {
				ALWAYS_SEARCH_USER_PATHS = NO;
				CLANG_ANALYZER_NONNULL = YES;
				CLANG_ANALYZER_NUMBER_OBJECT_CONVERSION = YES_AGGRESSIVE;
				CLANG_CXX_LANGUAGE_STANDARD = "gnu++14";
				CLANG_CXX_LIBRARY = "libc++";
				CLANG_ENABLE_MODULES = YES;
				CLANG_ENABLE_OBJC_ARC = YES;
				CLANG_ENABLE_OBJC_WEAK = YES;
				CLANG_WARN_BLOCK_CAPTURE_AUTORELEASING = YES;
				CLANG_WARN_BOOL_CONVERSION = YES;
				CLANG_WARN_COMMA = YES;
				CLANG_WARN_CONSTANT_CONVERSION = YES;
				CLANG_WARN_DEPRECATED_OBJC_IMPLEMENTATIONS = YES;
				CLANG_WARN_DIRECT_OBJC_ISA_USAGE = YES_ERROR;
				CLANG_WARN_DOCUMENTATION_COMMENTS = YES;
				CLANG_WARN_EMPTY_BODY = YES;
				CLANG_WARN_ENUM_CONVERSION = YES;
				CLANG_WARN_INFINITE_RECURSION = YES;
				CLANG_WARN_INT_CONVERSION = YES;
				CLANG_WARN_NON_LITERAL_NULL_CONVERSION = YES;
				CLANG_WARN_OBJC_IMPLICIT_RETAIN_SELF = YES;
				CLANG_WARN_OBJC_LITERAL_CONVERSION = YES;
				CLANG_WARN_OBJC_ROOT_CLASS = YES_ERROR;
				CLANG_WARN_QUOTED_INCLUDE_IN_FRAMEWORK_HEADER = YES;
				CLANG_WARN_RANGE_LOOP_ANALYSIS = YES;
				CLANG_WARN_STRICT_PROTOTYPES = YES;
				CLANG_WARN_SUSPICIOUS_MOVE = YES;
				CLANG_WARN_UNGUARDED_AVAILABILITY = YES_AGGRESSIVE;
				CLANG_WARN_UNREACHABLE_CODE = YES;
				CLANG_WARN__DUPLICATE_METHOD_MATCH = YES;
				COPY_PHASE_STRIP = NO;
				DEBUG_INFORMATION_FORMAT = "dwarf-with-dsym";
				ENABLE_NS_ASSERTIONS = NO;
				ENABLE_STRICT_OBJC_MSGSEND = YES;
				GCC_C_LANGUAGE_STANDARD = gnu11;
				GCC_NO_COMMON_BLOCKS = YES;
				GCC_WARN_64_TO_32_BIT_CONVERSION = YES;
				GCC_WARN_ABOUT_RETURN_TYPE = YES_ERROR;
				GCC_WARN_UNDECLARED_SELECTOR = YES;
				GCC_WARN_UNINITIALIZED_AUTOS = YES_AGGRESSIVE;
				GCC_WARN_UNUSED_FUNCTION = YES;
				GCC_WARN_UNUSED_VARIABLE = YES;
				IPHONEOS_DEPLOYMENT_TARGET = 14.5;
				MTL_ENABLE_DEBUG_INFO = NO;
				MTL_FAST_MATH = YES;
				SDKROOT = iphoneos;
				SWIFT_COMPILATION_MODE = wholemodule;
				SWIFT_OPTIMIZATION_LEVEL = "-O";
				VALIDATE_PRODUCT = YES;
			};
			name = Release;
		};
		9CABA3FB27CB597000A453AD /* Debug */ = {
			isa = XCBuildConfiguration;
			buildSettings = {
				ASSETCATALOG_COMPILER_APPICON_NAME = AppIcon;
				ASSETCATALOG_COMPILER_GLOBAL_ACCENT_COLOR_NAME = AccentColor;
				CODE_SIGN_STYLE = Automatic;
				DEVELOPMENT_TEAM = T3VG674NWC;
				INFOPLIST_FILE = News/Info.plist;
				LD_RUNPATH_SEARCH_PATHS = (
					"$(inherited)",
					"@executable_path/Frameworks",
				);
				PRODUCT_BUNDLE_IDENTIFIER = rex.News;
				PRODUCT_NAME = "$(TARGET_NAME)";
				SWIFT_VERSION = 5.0;
				TARGETED_DEVICE_FAMILY = "1,2";
			};
			name = Debug;
		};
		9CABA3FC27CB597000A453AD /* Release */ = {
			isa = XCBuildConfiguration;
			buildSettings = {
				ASSETCATALOG_COMPILER_APPICON_NAME = AppIcon;
				ASSETCATALOG_COMPILER_GLOBAL_ACCENT_COLOR_NAME = AccentColor;
				CODE_SIGN_STYLE = Automatic;
				DEVELOPMENT_TEAM = T3VG674NWC;
				INFOPLIST_FILE = News/Info.plist;
				LD_RUNPATH_SEARCH_PATHS = (
					"$(inherited)",
					"@executable_path/Frameworks",
				);
				PRODUCT_BUNDLE_IDENTIFIER = rex.News;
				PRODUCT_NAME = "$(TARGET_NAME)";
				SWIFT_VERSION = 5.0;
				TARGETED_DEVICE_FAMILY = "1,2";
			};
			name = Release;
		};
		9CABA3FE27CB597000A453AD /* Debug */ = {
			isa = XCBuildConfiguration;
			buildSettings = {
				ALWAYS_EMBED_SWIFT_STANDARD_LIBRARIES = YES;
				BUNDLE_LOADER = "$(TEST_HOST)";
				CODE_SIGN_STYLE = Automatic;
				DEVELOPMENT_TEAM = T3VG674NWC;
				INFOPLIST_FILE = NewsTests/Info.plist;
				IPHONEOS_DEPLOYMENT_TARGET = 14.5;
				LD_RUNPATH_SEARCH_PATHS = (
					"$(inherited)",
					"@executable_path/Frameworks",
					"@loader_path/Frameworks",
				);
				PRODUCT_BUNDLE_IDENTIFIER = rex.NewsTests;
				PRODUCT_NAME = "$(TARGET_NAME)";
				SWIFT_VERSION = 5.0;
				TARGETED_DEVICE_FAMILY = "1,2";
				TEST_HOST = "$(BUILT_PRODUCTS_DIR)/News.app/News";
			};
			name = Debug;
		};
		9CABA3FF27CB597000A453AD /* Release */ = {
			isa = XCBuildConfiguration;
			buildSettings = {
				ALWAYS_EMBED_SWIFT_STANDARD_LIBRARIES = YES;
				BUNDLE_LOADER = "$(TEST_HOST)";
				CODE_SIGN_STYLE = Automatic;
				DEVELOPMENT_TEAM = T3VG674NWC;
				INFOPLIST_FILE = NewsTests/Info.plist;
				IPHONEOS_DEPLOYMENT_TARGET = 14.5;
				LD_RUNPATH_SEARCH_PATHS = (
					"$(inherited)",
					"@executable_path/Frameworks",
					"@loader_path/Frameworks",
				);
				PRODUCT_BUNDLE_IDENTIFIER = rex.NewsTests;
				PRODUCT_NAME = "$(TARGET_NAME)";
				SWIFT_VERSION = 5.0;
				TARGETED_DEVICE_FAMILY = "1,2";
				TEST_HOST = "$(BUILT_PRODUCTS_DIR)/News.app/News";
			};
			name = Release;
		};
		9CABA40127CB597000A453AD /* Debug */ = {
			isa = XCBuildConfiguration;
			buildSettings = {
				ALWAYS_EMBED_SWIFT_STANDARD_LIBRARIES = YES;
				CODE_SIGN_STYLE = Automatic;
				DEVELOPMENT_TEAM = T3VG674NWC;
				INFOPLIST_FILE = NewsUITests/Info.plist;
				LD_RUNPATH_SEARCH_PATHS = (
					"$(inherited)",
					"@executable_path/Frameworks",
					"@loader_path/Frameworks",
				);
				PRODUCT_BUNDLE_IDENTIFIER = rex.NewsUITests;
				PRODUCT_NAME = "$(TARGET_NAME)";
				SWIFT_VERSION = 5.0;
				TARGETED_DEVICE_FAMILY = "1,2";
				TEST_TARGET_NAME = News;
			};
			name = Debug;
		};
		9CABA40227CB597000A453AD /* Release */ = {
			isa = XCBuildConfiguration;
			buildSettings = {
				ALWAYS_EMBED_SWIFT_STANDARD_LIBRARIES = YES;
				CODE_SIGN_STYLE = Automatic;
				DEVELOPMENT_TEAM = T3VG674NWC;
				INFOPLIST_FILE = NewsUITests/Info.plist;
				LD_RUNPATH_SEARCH_PATHS = (
					"$(inherited)",
					"@executable_path/Frameworks",
					"@loader_path/Frameworks",
				);
				PRODUCT_BUNDLE_IDENTIFIER = rex.NewsUITests;
				PRODUCT_NAME = "$(TARGET_NAME)";
				SWIFT_VERSION = 5.0;
				TARGETED_DEVICE_FAMILY = "1,2";
				TEST_TARGET_NAME = News;
			};
			name = Release;
		};
/* End XCBuildConfiguration section */

/* Begin XCConfigurationList section */
		9CABA3C827CB596F00A453AD /* Build configuration list for PBXProject "News" */ = {
			isa = XCConfigurationList;
			buildConfigurations = (
				9CABA3F827CB597000A453AD /* Debug */,
				9CABA3F927CB597000A453AD /* Release */,
			);
			defaultConfigurationIsVisible = 0;
			defaultConfigurationName = Release;
		};
		9CABA3FA27CB597000A453AD /* Build configuration list for PBXNativeTarget "News" */ = {
			isa = XCConfigurationList;
			buildConfigurations = (
				9CABA3FB27CB597000A453AD /* Debug */,
				9CABA3FC27CB597000A453AD /* Release */,
			);
			defaultConfigurationIsVisible = 0;
			defaultConfigurationName = Release;
		};
		9CABA3FD27CB597000A453AD /* Build configuration list for PBXNativeTarget "NewsTests" */ = {
			isa = XCConfigurationList;
			buildConfigurations = (
				9CABA3FE27CB597000A453AD /* Debug */,
				9CABA3FF27CB597000A453AD /* Release */,
			);
			defaultConfigurationIsVisible = 0;
			defaultConfigurationName = Release;
		};
		9CABA40027CB597000A453AD /* Build configuration list for PBXNativeTarget "NewsUITests" */ = {
			isa = XCConfigurationList;
			buildConfigurations = (
				9CABA40127CB597000A453AD /* Debug */,
				9CABA40227CB597000A453AD /* Release */,
			);
			defaultConfigurationIsVisible = 0;
			defaultConfigurationName = Release;
		};
/* End XCConfigurationList section */

/* Begin XCVersionGroup section */
		9CABA3D927CB596F00A453AD /* News.xcdatamodeld */ = {
			isa = XCVersionGroup;
			children = (
				9CABA3DA27CB596F00A453AD /* News.xcdatamodel */,
			);
			currentVersion = 9CABA3DA27CB596F00A453AD /* News.xcdatamodel */;
			path = News.xcdatamodeld;
			sourceTree = "<group>";
			versionGroupType = wrapper.xcdatamodel;
		};
/* End XCVersionGroup section */
	};
	rootObject = 9CABA3C527CB596F00A453AD /* Project object */;
}
